
Microsoft Visual Studio Solution File, Format Version 12.00
# Visual Studio Version 17
Project("{8BC9CEB8-8B4A-11D0-8D11-00A0C91BC942}") = "ALL_BUILD", "ALL_BUILD.vcxproj", "{B98C04B8-9C8E-3EDD-9283-BC82858D96E6}"
	ProjectSection(ProjectDependencies) = postProject
		{D92728DC-26BE-31A6-9C48-D905C45FEC0D} = {D92728DC-26BE-31A6-9C48-D905C45FEC0D}
		{C926D1CC-2682-30D5-8228-5AF87752D02F} = {C926D1CC-2682-30D5-8228-5AF87752D02F}
		{6BAD8AA0-B5F5-3941-9CC7-43DEF0FAB1D4} = {6BAD8AA0-B5F5-3941-9CC7-43DEF0FAB1D4}
		{B97E2CDC-8B70-356D-A505-B7F17FBA4273} = {B97E2CDC-8B70-356D-A505-B7F17FBA4273}
		{D3CC3646-2435-3587-8A75-E3C717ED7857} = {D3CC3646-2435-3587-8A75-E3C717ED7857}
		{4DDDEFEA-1C4B-3C86-847F-9DE8DC7781C0} = {4DDDEFEA-1C4B-3C86-847F-9DE8DC7781C0}
		{5B760D60-8A22-3E77-9A58-87374050CE8F} = {5B760D60-8A22-3E77-9A58-87374050CE8F}
		{213D04F8-22F6-3130-9500-87B69CF34786} = {213D04F8-22F6-3130-9500-87B69CF34786}
		{57B87474-4796-30C3-9F95-AC5175CD1428} = {57B87474-4796-30C3-9F95-AC5175CD1428}
	EndProjectSection
EndProject
Project("{8BC9CEB8-8B4A-11D0-8D11-00A0C91BC942}") = "INSTALL", "INSTALL.vcxproj", "{C355BC02-5CB0-39CA-9AFE-FF975B2CB8DB}"
	ProjectSection(ProjectDependencies) = postProject
		{B98C04B8-9C8E-3EDD-9283-BC82858D96E6} = {B98C04B8-9C8E-3EDD-9283-BC82858D96E6}
		{D92728DC-26BE-31A6-9C48-D905C45FEC0D} = {D92728DC-26BE-31A6-9C48-D905C45FEC0D}
	EndProjectSection
EndProject
Project("{8BC9CEB8-8B4A-11D0-8D11-00A0C91BC942}") = "ZERO_CHECK", "..\\ZERO_CHECK.vcxproj", "{D92728DC-26BE-31A6-9C48-D905C45FEC0D}"
	ProjectSection(ProjectDependencies) = postProject
	EndProjectSection
EndProject
Project("{8BC9CEB8-8B4A-11D0-8D11-00A0C91BC942}") = "bs_obj", "libressl\ssl\bs_obj.vcxproj", "{C926D1CC-2682-30D5-8228-5AF87752D02F}"
	ProjectSection(ProjectDependencies) = postProject
		{D92728DC-26BE-31A6-9C48-D905C45FEC0D} = {D92728DC-26BE-31A6-9C48-D905C45FEC0D}
	EndProjectSection
EndProject
Project("{8BC9CEB8-8B4A-11D0-8D11-00A0C91BC942}") = "crypto", "libressl\crypto\crypto.vcxproj", "{6BAD8AA0-B5F5-3941-9CC7-43DEF0FAB1D4}"
	ProjectSection(ProjectDependencies) = postProject
		{D92728DC-26BE-31A6-9C48-D905C45FEC0D} = {D92728DC-26BE-31A6-9C48-D905C45FEC0D}
		{B97E2CDC-8B70-356D-A505-B7F17FBA4273} = {B97E2CDC-8B70-356D-A505-B7F17FBA4273}
	EndProjectSection
EndProject
Project("{8BC9CEB8-8B4A-11D0-8D11-00A0C91BC942}") = "crypto_obj", "libressl\crypto\crypto_obj.vcxproj", "{B97E2CDC-8B70-356D-A505-B7F17FBA4273}"
	ProjectSection(ProjectDependencies) = postProject
		{D92728DC-26BE-31A6-9C48-D905C45FEC0D} = {D92728DC-26BE-31A6-9C48-D905C45FEC0D}
	EndProjectSection
EndProject
Project("{8BC9CEB8-8B4A-11D0-8D11-00A0C91BC942}") = "enet", "enet\enet.vcxproj", "{D3CC3646-2435-3587-8A75-E3C717ED7857}"
	ProjectSection(ProjectDependencies) = postProject
		{D92728DC-26BE-31A6-9C48-D905C45FEC0D} = {D92728DC-26BE-31A6-9C48-D905C45FEC0D}
	EndProjectSection
EndProject
Project("{8BC9CEB8-8B4A-11D0-8D11-00A0C91BC942}") = "ssl", "libressl\ssl\ssl.vcxproj", "{4DDDEFEA-1C4B-3C86-847F-9DE8DC7781C0}"
	ProjectSection(ProjectDependencies) = postProject
		{D92728DC-26BE-31A6-9C48-D905C45FEC0D} = {D92728DC-26BE-31A6-9C48-D905C45FEC0D}
		{6BAD8AA0-B5F5-3941-9CC7-43DEF0FAB1D4} = {6BAD8AA0-B5F5-3941-9CC7-43DEF0FAB1D4}
		{5B760D60-8A22-3E77-9A58-87374050CE8F} = {5B760D60-8A22-3E77-9A58-87374050CE8F}
	EndProjectSection
EndProject
Project("{8BC9CEB8-8B4A-11D0-8D11-00A0C91BC942}") = "ssl_obj", "libressl\ssl\ssl_obj.vcxproj", "{5B760D60-8A22-3E77-9A58-87374050CE8F}"
	ProjectSection(ProjectDependencies) = postProject
		{D92728DC-26BE-31A6-9C48-D905C45FEC0D} = {D92728DC-26BE-31A6-9C48-D905C45FEC0D}
	EndProjectSection
EndProject
Project("{8BC9CEB8-8B4A-11D0-8D11-00A0C91BC942}") = "tls", "libressl\tls\tls.vcxproj", "{213D04F8-22F6-3130-9500-87B69CF34786}"
	ProjectSection(ProjectDependencies) = postProject
		{D92728DC-26BE-31A6-9C48-D905C45FEC0D} = {D92728DC-26BE-31A6-9C48-D905C45FEC0D}
		{B97E2CDC-8B70-356D-A505-B7F17FBA4273} = {B97E2CDC-8B70-356D-A505-B7F17FBA4273}
		{5B760D60-8A22-3E77-9A58-87374050CE8F} = {5B760D60-8A22-3E77-9A58-87374050CE8F}
		{57B87474-4796-30C3-9F95-AC5175CD1428} = {57B87474-4796-30C3-9F95-AC5175CD1428}
	EndProjectSection
EndProject
Project("{8BC9CEB8-8B4A-11D0-8D11-00A0C91BC942}") = "tls_obj", "libressl\tls\tls_obj.vcxproj", "{57B87474-4796-30C3-9F95-AC5175CD1428}"
	ProjectSection(ProjectDependencies) = postProject
		{D92728DC-26BE-31A6-9C48-D905C45FEC0D} = {D92728DC-26BE-31A6-9C48-D905C45FEC0D}
	EndProjectSection
EndProject
Project("{8BC9CEB8-8B4A-11D0-8D11-00A0C91BC942}") = "uninstall", "libressl\uninstall.vcxproj", "{559CD5C6-E524-3D49-B451-9CA8E5FFC0E4}"
	ProjectSection(ProjectDependencies) = postProject
		{D92728DC-26BE-31A6-9C48-D905C45FEC0D} = {D92728DC-26BE-31A6-9C48-D905C45FEC0D}
	EndProjectSection
EndProject
Global
	GlobalSection(SolutionConfigurationPlatforms) = preSolution
		Debug|x64 = Debug|x64
		Release|x64 = Release|x64
		MinSizeRel|x64 = MinSizeRel|x64
		RelWithDebInfo|x64 = RelWithDebInfo|x64
	EndGlobalSection
	GlobalSection(ProjectConfigurationPlatforms) = postSolution
		{B98C04B8-9C8E-3EDD-9283-BC82858D96E6}.Debug|x64.ActiveCfg = Debug|x64
		{B98C04B8-9C8E-3EDD-9283-BC82858D96E6}.Debug|x64.Build.0 = Debug|x64
		{B98C04B8-9C8E-3EDD-9283-BC82858D96E6}.Release|x64.ActiveCfg = Release|x64
		{B98C04B8-9C8E-3EDD-9283-BC82858D96E6}.Release|x64.Build.0 = Release|x64
		{B98C04B8-9C8E-3EDD-9283-BC82858D96E6}.MinSizeRel|x64.ActiveCfg = MinSizeRel|x64
		{B98C04B8-9C8E-3EDD-9283-BC82858D96E6}.MinSizeRel|x64.Build.0 = MinSizeRel|x64
		{B98C04B8-9C8E-3EDD-9283-BC82858D96E6}.RelWithDebInfo|x64.ActiveCfg = RelWithDebInfo|x64
		{B98C04B8-9C8E-3EDD-9283-BC82858D96E6}.RelWithDebInfo|x64.Build.0 = RelWithDebInfo|x64
		{C355BC02-5CB0-39CA-9AFE-FF975B2CB8DB}.Debug|x64.ActiveCfg = Debug|x64
		{C355BC02-5CB0-39CA-9AFE-FF975B2CB8DB}.Release|x64.ActiveCfg = Release|x64
		{C355BC02-5CB0-39CA-9AFE-FF975B2CB8DB}.MinSizeRel|x64.ActiveCfg = MinSizeRel|x64
		{C355BC02-5CB0-39CA-9AFE-FF975B2CB8DB}.RelWithDebInfo|x64.ActiveCfg = RelWithDebInfo|x64
		{D92728DC-26BE-31A6-9C48-D905C45FEC0D}.Debug|x64.ActiveCfg = Debug|x64
		{D92728DC-26BE-31A6-9C48-D905C45FEC0D}.Debug|x64.Build.0 = Debug|x64
		{D92728DC-26BE-31A6-9C48-D905C45FEC0D}.Release|x64.ActiveCfg = Release|x64
		{D92728DC-26BE-31A6-9C48-D905C45FEC0D}.Release|x64.Build.0 = Release|x64
		{D92728DC-26BE-31A6-9C48-D905C45FEC0D}.MinSizeRel|x64.ActiveCfg = MinSizeRel|x64
		{D92728DC-26BE-31A6-9C48-D905C45FEC0D}.MinSizeRel|x64.Build.0 = MinSizeRel|x64
		{D92728DC-26BE-31A6-9C48-D905C45FEC0D}.RelWithDebInfo|x64.ActiveCfg = RelWithDebInfo|x64
		{D92728DC-26BE-31A6-9C48-D905C45FEC0D}.RelWithDebInfo|x64.Build.0 = RelWithDebInfo|x64
		{C926D1CC-2682-30D5-8228-5AF87752D02F}.Debug|x64.ActiveCfg = Debug|x64
		{C926D1CC-2682-30D5-8228-5AF87752D02F}.Debug|x64.Build.0 = Debug|x64
		{C926D1CC-2682-30D5-8228-5AF87752D02F}.Release|x64.ActiveCfg = Release|x64
		{C926D1CC-2682-30D5-8228-5AF87752D02F}.Release|x64.Build.0 = Release|x64
		{C926D1CC-2682-30D5-8228-5AF87752D02F}.MinSizeRel|x64.ActiveCfg = MinSizeRel|x64
		{C926D1CC-2682-30D5-8228-5AF87752D02F}.MinSizeRel|x64.Build.0 = MinSizeRel|x64
		{C926D1CC-2682-30D5-8228-5AF87752D02F}.RelWithDebInfo|x64.ActiveCfg = RelWithDebInfo|x64
		{C926D1CC-2682-30D5-8228-5AF87752D02F}.RelWithDebInfo|x64.Build.0 = RelWithDebInfo|x64
		{6BAD8AA0-B5F5-3941-9CC7-43DEF0FAB1D4}.Debug|x64.ActiveCfg = Debug|x64
		{6BAD8AA0-B5F5-3941-9CC7-43DEF0FAB1D4}.Debug|x64.Build.0 = Debug|x64
		{6BAD8AA0-B5F5-3941-9CC7-43DEF0FAB1D4}.Release|x64.ActiveCfg = Release|x64
		{6BAD8AA0-B5F5-3941-9CC7-43DEF0FAB1D4}.Release|x64.Build.0 = Release|x64
		{6BAD8AA0-B5F5-3941-9CC7-43DEF0FAB1D4}.MinSizeRel|x64.ActiveCfg = MinSizeRel|x64
		{6BAD8AA0-B5F5-3941-9CC7-43DEF0FAB1D4}.MinSizeRel|x64.Build.0 = MinSizeRel|x64
		{6BAD8AA0-B5F5-3941-9CC7-43DEF0FAB1D4}.RelWithDebInfo|x64.ActiveCfg = RelWithDebInfo|x64
		{6BAD8AA0-B5F5-3941-9CC7-43DEF0FAB1D4}.RelWithDebInfo|x64.Build.0 = RelWithDebInfo|x64
		{B97E2CDC-8B70-356D-A505-B7F17FBA4273}.Debug|x64.ActiveCfg = Debug|x64
		{B97E2CDC-8B70-356D-A505-B7F17FBA4273}.Debug|x64.Build.0 = Debug|x64
		{B97E2CDC-8B70-356D-A505-B7F17FBA4273}.Release|x64.ActiveCfg = Release|x64
		{B97E2CDC-8B70-356D-A505-B7F17FBA4273}.Release|x64.Build.0 = Release|x64
		{B97E2CDC-8B70-356D-A505-B7F17FBA4273}.MinSizeRel|x64.ActiveCfg = MinSizeRel|x64
		{B97E2CDC-8B70-356D-A505-B7F17FBA4273}.MinSizeRel|x64.Build.0 = MinSizeRel|x64
		{B97E2CDC-8B70-356D-A505-B7F17FBA4273}.RelWithDebInfo|x64.ActiveCfg = RelWithDebInfo|x64
		{B97E2CDC-8B70-356D-A505-B7F17FBA4273}.RelWithDebInfo|x64.Build.0 = RelWithDebInfo|x64
		{D3CC3646-2435-3587-8A75-E3C717ED7857}.Debug|x64.ActiveCfg = Debug|x64
		{D3CC3646-2435-3587-8A75-E3C717ED7857}.Debug|x64.Build.0 = Debug|x64
		{D3CC3646-2435-3587-8A75-E3C717ED7857}.Release|x64.ActiveCfg = Release|x64
		{D3CC3646-2435-3587-8A75-E3C717ED7857}.Release|x64.Build.0 = Release|x64
		{D3CC3646-2435-3587-8A75-E3C717ED7857}.MinSizeRel|x64.ActiveCfg = MinSizeRel|x64
		{D3CC3646-2435-3587-8A75-E3C717ED7857}.MinSizeRel|x64.Build.0 = MinSizeRel|x64
		{D3CC3646-2435-3587-8A75-E3C717ED7857}.RelWithDebInfo|x64.ActiveCfg = RelWithDebInfo|x64
		{D3CC3646-2435-3587-8A75-E3C717ED7857}.RelWithDebInfo|x64.Build.0 = RelWithDebInfo|x64
		{4DDDEFEA-1C4B-3C86-847F-9DE8DC7781C0}.Debug|x64.ActiveCfg = Debug|x64
		{4DDDEFEA-1C4B-3C86-847F-9DE8DC7781C0}.Debug|x64.Build.0 = Debug|x64
		{4DDDEFEA-1C4B-3C86-847F-9DE8DC7781C0}.Release|x64.ActiveCfg = Release|x64
		{4DDDEFEA-1C4B-3C86-847F-9DE8DC7781C0}.Release|x64.Build.0 = Release|x64
		{4DDDEFEA-1C4B-3C86-847F-9DE8DC7781C0}.MinSizeRel|x64.ActiveCfg = MinSizeRel|x64
		{4DDDEFEA-1C4B-3C86-847F-9DE8DC7781C0}.MinSizeRel|x64.Build.0 = MinSizeRel|x64
		{4DDDEFEA-1C4B-3C86-847F-9DE8DC7781C0}.RelWithDebInfo|x64.ActiveCfg = RelWithDebInfo|x64
		{4DDDEFEA-1C4B-3C86-847F-9DE8DC7781C0}.RelWithDebInfo|x64.Build.0 = RelWithDebInfo|x64
		{5B760D60-8A22-3E77-9A58-87374050CE8F}.Debug|x64.ActiveCfg = Debug|x64
		{5B760D60-8A22-3E77-9A58-87374050CE8F}.Debug|x64.Build.0 = Debug|x64
		{5B760D60-8A22-3E77-9A58-87374050CE8F}.Release|x64.ActiveCfg = Release|x64
		{5B760D60-8A22-3E77-9A58-87374050CE8F}.Release|x64.Build.0 = Release|x64
		{5B760D60-8A22-3E77-9A58-87374050CE8F}.MinSizeRel|x64.ActiveCfg = MinSizeRel|x64
		{5B760D60-8A22-3E77-9A58-87374050CE8F}.MinSizeRel|x64.Build.0 = MinSizeRel|x64
		{5B760D60-8A22-3E77-9A58-87374050CE8F}.RelWithDebInfo|x64.ActiveCfg = RelWithDebInfo|x64
		{5B760D60-8A22-3E77-9A58-87374050CE8F}.RelWithDebInfo|x64.Build.0 = RelWithDebInfo|x64
		{213D04F8-22F6-3130-9500-87B69CF34786}.Debug|x64.ActiveCfg = Debug|x64
		{213D04F8-22F6-3130-9500-87B69CF34786}.Debug|x64.Build.0 = Debug|x64
		{213D04F8-22F6-3130-9500-87B69CF34786}.Release|x64.ActiveCfg = Release|x64
		{213D04F8-22F6-3130-9500-87B69CF34786}.Release|x64.Build.0 = Release|x64
		{213D04F8-22F6-3130-9500-87B69CF34786}.MinSizeRel|x64.ActiveCfg = MinSizeRel|x64
		{213D04F8-22F6-3130-9500-87B69CF34786}.MinSizeRel|x64.Build.0 = MinSizeRel|x64
		{213D04F8-22F6-3130-9500-87B69CF34786}.RelWithDebInfo|x64.ActiveCfg = RelWithDebInfo|x64
		{213D04F8-22F6-3130-9500-87B69CF34786}.RelWithDebInfo|x64.Build.0 = RelWithDebInfo|x64
		{57B87474-4796-30C3-9F95-AC5175CD1428}.Debug|x64.ActiveCfg = Debug|x64
		{57B87474-4796-30C3-9F95-AC5175CD1428}.Debug|x64.Build.0 = Debug|x64
		{57B87474-4796-30C3-9F95-AC5175CD1428}.Release|x64.ActiveCfg = Release|x64
		{57B87474-4796-30C3-9F95-AC5175CD1428}.Release|x64.Build.0 = Release|x64
		{57B87474-4796-30C3-9F95-AC5175CD1428}.MinSizeRel|x64.ActiveCfg = MinSizeRel|x64
		{57B87474-4796-30C3-9F95-AC5175CD1428}.MinSizeRel|x64.Build.0 = MinSizeRel|x64
		{57B87474-4796-30C3-9F95-AC5175CD1428}.RelWithDebInfo|x64.ActiveCfg = RelWithDebInfo|x64
		{57B87474-4796-30C3-9F95-AC5175CD1428}.RelWithDebInfo|x64.Build.0 = RelWithDebInfo|x64
		{559CD5C6-E524-3D49-B451-9CA8E5FFC0E4}.Debug|x64.ActiveCfg = Debug|x64
		{559CD5C6-E524-3D49-B451-9CA8E5FFC0E4}.Release|x64.ActiveCfg = Release|x64
		{559CD5C6-E524-3D49-B451-9CA8E5FFC0E4}.MinSizeRel|x64.ActiveCfg = MinSizeRel|x64
		{559CD5C6-E524-3D49-B451-9CA8E5FFC0E4}.RelWithDebInfo|x64.ActiveCfg = RelWithDebInfo|x64
	EndGlobalSection
	GlobalSection(ExtensibilityGlobals) = postSolution
		SolutionGuid = {AFD4246C-4BC7-37E4-97A4-B8FE233B73B5}
	EndGlobalSection
	GlobalSection(ExtensibilityAddIns) = postSolution
	EndGlobalSection
EndGlobal
